// !$*UTF8*$!
{
	archiveVersion = 1;
	classes = {
	};
	objectVersion = 56;
	objects = {

/* Begin PBXBuildFile section */
		44BA32E02AB34C7200FECB1E /* PhotoNamerApp.swift in Sources */ = {isa = PBXBuildFile; fileRef = 44BA32DF2AB34C7200FECB1E /* PhotoNamerApp.swift */; };
		44BA32E22AB34C7200FECB1E /* ContentView.swift in Sources */ = {isa = PBXBuildFile; fileRef = 44BA32E12AB34C7200FECB1E /* ContentView.swift */; };
		44BA32E42AB34C7300FECB1E /* Assets.xcassets in Resources */ = {isa = PBXBuildFile; fileRef = 44BA32E32AB34C7300FECB1E /* Assets.xcassets */; };
		44BA32E72AB34C7300FECB1E /* Preview Assets.xcassets in Resources */ = {isa = PBXBuildFile; fileRef = 44BA32E62AB34C7300FECB1E /* Preview Assets.xcassets */; };
		44BA32EE2AB34D5500FECB1E /* PhotoPicker.swift in Sources */ = {isa = PBXBuildFile; fileRef = 44BA32ED2AB34D5500FECB1E /* PhotoPicker.swift */; };
		44BA32F02AB3595600FECB1E /* PhotoListView.swift in Sources */ = {isa = PBXBuildFile; fileRef = 44BA32EF2AB3595600FECB1E /* PhotoListView.swift */; };
		44BA32F22AB35C9F00FECB1E /* PhotoSelectView.swift in Sources */ = {isa = PBXBuildFile; fileRef = 44BA32F12AB35C9F00FECB1E /* PhotoSelectView.swift */; };
		44BA32F42AB35ED700FECB1E /* NamedPhoto.swift in Sources */ = {isa = PBXBuildFile; fileRef = 44BA32F32AB35ED700FECB1E /* NamedPhoto.swift */; };
		44BA32F62AB35F5600FECB1E /* PhotoSaver.swift in Sources */ = {isa = PBXBuildFile; fileRef = 44BA32F52AB35F5600FECB1E /* PhotoSaver.swift */; };
		44BA32F82AB36F1E00FECB1E /* FileManager-DocumentsDirectory.swift in Sources */ = {isa = PBXBuildFile; fileRef = 44BA32F72AB36F1E00FECB1E /* FileManager-DocumentsDirectory.swift */; };
		44BA32FA2AB60F1100FECB1E /* Photo.swift in Sources */ = {isa = PBXBuildFile; fileRef = 44BA32F92AB60F1100FECB1E /* Photo.swift */; };
		44BA32FC2AB64FE300FECB1E /* PhotoDetailView.swift in Sources */ = {isa = PBXBuildFile; fileRef = 44BA32FB2AB64FE300FECB1E /* PhotoDetailView.swift */; };
/* End PBXBuildFile section */

/* Begin PBXFileReference section */
		44BA32DC2AB34C7200FECB1E /* PhotoNamer.app */ = {isa = PBXFileReference; explicitFileType = wrapper.application; includeInIndex = 0; path = PhotoNamer.app; sourceTree = BUILT_PRODUCTS_DIR; };
		44BA32DF2AB34C7200FECB1E /* PhotoNamerApp.swift */ = {isa = PBXFileReference; lastKnownFileType = sourcecode.swift; path = PhotoNamerApp.swift; sourceTree = "<group>"; };
		44BA32E12AB34C7200FECB1E /* ContentView.swift */ = {isa = PBXFileReference; lastKnownFileType = sourcecode.swift; path = ContentView.swift; sourceTree = "<group>"; };
		44BA32E32AB34C7300FECB1E /* Assets.xcassets */ = {isa = PBXFileReference; lastKnownFileType = folder.assetcatalog; path = Assets.xcassets; sourceTree = "<group>"; };
		44BA32E62AB34C7300FECB1E /* Preview Assets.xcassets */ = {isa = PBXFileReference; lastKnownFileType = folder.assetcatalog; path = "Preview Assets.xcassets"; sourceTree = "<group>"; };
		44BA32ED2AB34D5500FECB1E /* PhotoPicker.swift */ = {isa = PBXFileReference; lastKnownFileType = sourcecode.swift; path = PhotoPicker.swift; sourceTree = "<group>"; };
		44BA32EF2AB3595600FECB1E /* PhotoListView.swift */ = {isa = PBXFileReference; lastKnownFileType = sourcecode.swift; path = PhotoListView.swift; sourceTree = "<group>"; };
		44BA32F12AB35C9F00FECB1E /* PhotoSelectView.swift */ = {isa = PBXFileReference; lastKnownFileType = sourcecode.swift; path = PhotoSelectView.swift; sourceTree = "<group>"; };
		44BA32F32AB35ED700FECB1E /* NamedPhoto.swift */ = {isa = PBXFileReference; lastKnownFileType = sourcecode.swift; path = NamedPhoto.swift; sourceTree = "<group>"; };
		44BA32F52AB35F5600FECB1E /* PhotoSaver.swift */ = {isa = PBXFileReference; lastKnownFileType = sourcecode.swift; path = PhotoSaver.swift; sourceTree = "<group>"; };
		44BA32F72AB36F1E00FECB1E /* FileManager-DocumentsDirectory.swift */ = {isa = PBXFileReference; lastKnownFileType = sourcecode.swift; path = "FileManager-DocumentsDirectory.swift"; sourceTree = "<group>"; };
		44BA32F92AB60F1100FECB1E /* Photo.swift */ = {isa = PBXFileReference; lastKnownFileType = sourcecode.swift; path = Photo.swift; sourceTree = "<group>"; };
		44BA32FB2AB64FE300FECB1E /* PhotoDetailView.swift */ = {isa = PBXFileReference; lastKnownFileType = sourcecode.swift; path = PhotoDetailView.swift; sourceTree = "<group>"; };
/* End PBXFileReference section */

/* Begin PBXFrameworksBuildPhase section */
		44BA32D92AB34C7200FECB1E /* Frameworks */ = {
			isa = PBXFrameworksBuildPhase;
			buildActionMask = 2147483647;
			files = (
			);
			runOnlyForDeploymentPostprocessing = 0;
		};
/* End PBXFrameworksBuildPhase section */

/* Begin PBXGroup section */
		44BA32D32AB34C7200FECB1E = {
			isa = PBXGroup;
			children = (
				44BA32DE2AB34C7200FECB1E /* PhotoNamer */,
				44BA32DD2AB34C7200FECB1E /* Products */,
			);
			sourceTree = "<group>";
		};
		44BA32DD2AB34C7200FECB1E /* Products */ = {
			isa = PBXGroup;
			children = (
				44BA32DC2AB34C7200FECB1E /* PhotoNamer.app */,
			);
			name = Products;
			sourceTree = "<group>";
		};
		44BA32DE2AB34C7200FECB1E /* PhotoNamer */ = {
			isa = PBXGroup;
			children = (
				44BA32DF2AB34C7200FECB1E /* PhotoNamerApp.swift */,
				44BA32E12AB34C7200FECB1E /* ContentView.swift */,
				44BA32F32AB35ED700FECB1E /* NamedPhoto.swift */,
				44BA32F72AB36F1E00FECB1E /* FileManager-DocumentsDirectory.swift */,
				44BA32E32AB34C7300FECB1E /* Assets.xcassets */,
				44BA32E52AB34C7300FECB1E /* Preview Content */,
				44BA32ED2AB34D5500FECB1E /* PhotoPicker.swift */,
				44BA32EF2AB3595600FECB1E /* PhotoListView.swift */,
				44BA32F12AB35C9F00FECB1E /* PhotoSelectView.swift */,
				44BA32F52AB35F5600FECB1E /* PhotoSaver.swift */,
				44BA32F92AB60F1100FECB1E /* Photo.swift */,
				44BA32FB2AB64FE300FECB1E /* PhotoDetailView.swift */,
			);
			path = PhotoNamer;
			sourceTree = "<group>";
		};
		44BA32E52AB34C7300FECB1E /* Preview Content */ = {
			isa = PBXGroup;
			children = (
				44BA32E62AB34C7300FECB1E /* Preview Assets.xcassets */,
			);
			path = "Preview Content";
			sourceTree = "<group>";
		};
/* End PBXGroup section */

/* Begin PBXNativeTarget section */
		44BA32DB2AB34C7200FECB1E /* PhotoNamer */ = {
			isa = PBXNativeTarget;
			buildConfigurationList = 44BA32EA2AB34C7300FECB1E /* Build configuration list for PBXNativeTarget "PhotoNamer" */;
			buildPhases = (
				44BA32D82AB34C7200FECB1E /* Sources */,
				44BA32D92AB34C7200FECB1E /* Frameworks */,
				44BA32DA2AB34C7200FECB1E /* Resources */,
			);
			buildRules = (
			);
			dependencies = (
			);
			name = PhotoNamer;
			productName = PhotoNamer;
			productReference = 44BA32DC2AB34C7200FECB1E /* PhotoNamer.app */;
			productType = "com.apple.product-type.application";
		};
/* End PBXNativeTarget section */

/* Begin PBXProject section */
		44BA32D42AB34C7200FECB1E /* Project object */ = {
			isa = PBXProject;
			attributes = {
				BuildIndependentTargetsInParallel = 1;
				LastSwiftUpdateCheck = 1430;
				LastUpgradeCheck = 1430;
				TargetAttributes = {
					44BA32DB2AB34C7200FECB1E = {
						CreatedOnToolsVersion = 14.3;
					};
				};
			};
			buildConfigurationList = 44BA32D72AB34C7200FECB1E /* Build configuration list for PBXProject "PhotoNamer" */;
			compatibilityVersion = "Xcode 14.0";
			developmentRegion = en;
			hasScannedForEncodings = 0;
			knownRegions = (
				en,
				Base,
			);
			mainGroup = 44BA32D32AB34C7200FECB1E;
			productRefGroup = 44BA32DD2AB34C7200FECB1E /* Products */;
			projectDirPath = "";
			projectRoot = "";
			targets = (
				44BA32DB2AB34C7200FECB1E /* PhotoNamer */,
			);
		};
/* End PBXProject section */

/* Begin PBXResourcesBuildPhase section */
		44BA32DA2AB34C7200FECB1E /* Resources */ = {
			isa = PBXResourcesBuildPhase;
			buildActionMask = 2147483647;
			files = (
				44BA32E72AB34C7300FECB1E /* Preview Assets.xcassets in Resources */,
				44BA32E42AB34C7300FECB1E /* Assets.xcassets in Resources */,
			);
			runOnlyForDeploymentPostprocessing = 0;
		};
/* End PBXResourcesBuildPhase section */

/* Begin PBXSourcesBuildPhase section */
		44BA32D82AB34C7200FECB1E /* Sources */ = {
			isa = PBXSourcesBuildPhase;
			buildActionMask = 2147483647;
			files = (
				44BA32E22AB34C7200FECB1E /* ContentView.swift in Sources */,
				44BA32FC2AB64FE300FECB1E /* PhotoDetailView.swift in Sources */,
				44BA32E02AB34C7200FECB1E /* PhotoNamerApp.swift in Sources */,
				44BA32EE2AB34D5500FECB1E /* PhotoPicker.swift in Sources */,
				44BA32FA2AB60F1100FECB1E /* Photo.swift in Sources */,
				44BA32F62AB35F5600FECB1E /* PhotoSaver.swift in Sources */,
				44BA32F22AB35C9F00FECB1E /* PhotoSelectView.swift in Sources */,
				44BA32F42AB35ED700FECB1E /* NamedPhoto.swift in Sources */,
				44BA32F82AB36F1E00FECB1E /* FileManager-DocumentsDirectory.swift in Sources */,
				44BA32F02AB3595600FECB1E /* PhotoListView.swift in Sources */,
			);
			runOnlyForDeploymentPostprocessing = 0;
		};
/* End PBXSourcesBuildPhase section */

/* Begin XCBuildConfiguration section */
		44BA32E82AB34C7300FECB1E /* Debug */ = {
			isa = XCBuildConfiguration;
			buildSettings = {
				ALWAYS_SEARCH_USER_PATHS = NO;
				CLANG_ANALYZER_NONNULL = YES;
				CLANG_ANALYZER_NUMBER_OBJECT_CONVERSION = YES_AGGRESSIVE;
				CLANG_CXX_LANGUAGE_STANDARD = "gnu++20";
				CLANG_ENABLE_MODULES = YES;
				CLANG_ENABLE_OBJC_ARC = YES;
				CLANG_ENABLE_OBJC_WEAK = YES;
				CLANG_WARN_BLOCK_CAPTURE_AUTORELEASING = YES;
				CLANG_WARN_BOOL_CONVERSION = YES;
				CLANG_WARN_COMMA = YES;
				CLANG_WARN_CONSTANT_CONVERSION = YES;
				CLANG_WARN_DEPRECATED_OBJC_IMPLEMENTATIONS = YES;
				CLANG_WARN_DIRECT_OBJC_ISA_USAGE = YES_ERROR;
				CLANG_WARN_DOCUMENTATION_COMMENTS = YES;
				CLANG_WARN_EMPTY_BODY = YES;
				CLANG_WARN_ENUM_CONVERSION = YES;
				CLANG_WARN_INFINITE_RECURSION = YES;
				CLANG_WARN_INT_CONVERSION = YES;
				CLANG_WARN_NON_LITERAL_NULL_CONVERSION = YES;
				CLANG_WARN_OBJC_IMPLICIT_RETAIN_SELF = YES;
				CLANG_WARN_OBJC_LITERAL_CONVERSION = YES;
				CLANG_WARN_OBJC_ROOT_CLASS = YES_ERROR;
				CLANG_WARN_QUOTED_INCLUDE_IN_FRAMEWORK_HEADER = YES;
				CLANG_WARN_RANGE_LOOP_ANALYSIS = YES;
				CLANG_WARN_STRICT_PROTOTYPES = YES;
				CLANG_WARN_SUSPICIOUS_MOVE = YES;
				CLANG_WARN_UNGUARDED_AVAILABILITY = YES_AGGRESSIVE;
				CLANG_WARN_UNREACHABLE_CODE = YES;
				CLANG_WARN__DUPLICATE_METHOD_MATCH = YES;
				COPY_PHASE_STRIP = NO;
				DEBUG_INFORMATION_FORMAT = dwarf;
				ENABLE_STRICT_OBJC_MSGSEND = YES;
				ENABLE_TESTABILITY = YES;
				GCC_C_LANGUAGE_STANDARD = gnu11;
				GCC_DYNAMIC_NO_PIC = NO;
				GCC_NO_COMMON_BLOCKS = YES;
				GCC_OPTIMIZATION_LEVEL = 0;
				GCC_PREPROCESSOR_DEFINITIONS = (
					"DEBUG=1",
					"$(inherited)",
				);
				GCC_WARN_64_TO_32_BIT_CONVERSION = YES;
				GCC_WARN_ABOUT_RETURN_TYPE = YES_ERROR;
				GCC_WARN_UNDECLARED_SELECTOR = YES;
				GCC_WARN_UNINITIALIZED_AUTOS = YES_AGGRESSIVE;
				GCC_WARN_UNUSED_FUNCTION = YES;
				GCC_WARN_UNUSED_VARIABLE = YES;
				IPHONEOS_DEPLOYMENT_TARGET = 16.4;
				MTL_ENABLE_DEBUG_INFO = INCLUDE_SOURCE;
				MTL_FAST_MATH = YES;
				ONLY_ACTIVE_ARCH = YES;
				SDKROOT = iphoneos;
				SWIFT_ACTIVE_COMPILATION_CONDITIONS = DEBUG;
				SWIFT_OPTIMIZATION_LEVEL = "-Onone";
			};
			name = Debug;
		};
		44BA32E92AB34C7300FECB1E /* Release */ = {
			isa = XCBuildConfiguration;
			buildSettings = {
				ALWAYS_SEARCH_USER_PATHS = NO;
				CLANG_ANALYZER_NONNULL = YES;
				CLANG_ANALYZER_NUMBER_OBJECT_CONVERSION = YES_AGGRESSIVE;
				CLANG_CXX_LANGUAGE_STANDARD = "gnu++20";
				CLANG_ENABLE_MODULES = YES;
				CLANG_ENABLE_OBJC_ARC = YES;
				CLANG_ENABLE_OBJC_WEAK = YES;
				CLANG_WARN_BLOCK_CAPTURE_AUTORELEASING = YES;
				CLANG_WARN_BOOL_CONVERSION = YES;
				CLANG_WARN_COMMA = YES;
				CLANG_WARN_CONSTANT_CONVERSION = YES;
				CLANG_WARN_DEPRECATED_OBJC_IMPLEMENTATIONS = YES;
				CLANG_WARN_DIRECT_OBJC_ISA_USAGE = YES_ERROR;
				CLANG_WARN_DOCUMENTATION_COMMENTS = YES;
				CLANG_WARN_EMPTY_BODY = YES;
				CLANG_WARN_ENUM_CONVERSION = YES;
				CLANG_WARN_INFINITE_RECURSION = YES;
				CLANG_WARN_INT_CONVERSION = YES;
				CLANG_WARN_NON_LITERAL_NULL_CONVERSION = YES;
				CLANG_WARN_OBJC_IMPLICIT_RETAIN_SELF = YES;
				CLANG_WARN_OBJC_LITERAL_CONVERSION = YES;
				CLANG_WARN_OBJC_ROOT_CLASS = YES_ERROR;
				CLANG_WARN_QUOTED_INCLUDE_IN_FRAMEWORK_HEADER = YES;
				CLANG_WARN_RANGE_LOOP_ANALYSIS = YES;
				CLANG_WARN_STRICT_PROTOTYPES = YES;
				CLANG_WARN_SUSPICIOUS_MOVE = YES;
				CLANG_WARN_UNGUARDED_AVAILABILITY = YES_AGGRESSIVE;
				CLANG_WARN_UNREACHABLE_CODE = YES;
				CLANG_WARN__DUPLICATE_METHOD_MATCH = YES;
				COPY_PHASE_STRIP = NO;
				DEBUG_INFORMATION_FORMAT = "dwarf-with-dsym";
				ENABLE_NS_ASSERTIONS = NO;
				ENABLE_STRICT_OBJC_MSGSEND = YES;
				GCC_C_LANGUAGE_STANDARD = gnu11;
				GCC_NO_COMMON_BLOCKS = YES;
				GCC_WARN_64_TO_32_BIT_CONVERSION = YES;
				GCC_WARN_ABOUT_RETURN_TYPE = YES_ERROR;
				GCC_WARN_UNDECLARED_SELECTOR = YES;
				GCC_WARN_UNINITIALIZED_AUTOS = YES_AGGRESSIVE;
				GCC_WARN_UNUSED_FUNCTION = YES;
				GCC_WARN_UNUSED_VARIABLE = YES;
				IPHONEOS_DEPLOYMENT_TARGET = 16.4;
				MTL_ENABLE_DEBUG_INFO = NO;
				MTL_FAST_MATH = YES;
				SDKROOT = iphoneos;
				SWIFT_COMPILATION_MODE = wholemodule;
				SWIFT_OPTIMIZATION_LEVEL = "-O";
				VALIDATE_PRODUCT = YES;
			};
			name = Release;
		};
		44BA32EB2AB34C7300FECB1E /* Debug */ = {
			isa = XCBuildConfiguration;
			buildSettings = {
				ASSETCATALOG_COMPILER_APPICON_NAME = AppIcon;
				ASSETCATALOG_COMPILER_GLOBAL_ACCENT_COLOR_NAME = AccentColor;
				CODE_SIGN_STYLE = Automatic;
				CURRENT_PROJECT_VERSION = 1;
				DEVELOPMENT_ASSET_PATHS = "\"PhotoNamer/Preview Content\"";
				ENABLE_PREVIEWS = YES;
				GENERATE_INFOPLIST_FILE = YES;
				INFOPLIST_KEY_UIApplicationSceneManifest_Generation = YES;
				INFOPLIST_KEY_UIApplicationSupportsIndirectInputEvents = YES;
				INFOPLIST_KEY_UILaunchScreen_Generation = YES;
				INFOPLIST_KEY_UISupportedInterfaceOrientations_iPad = "UIInterfaceOrientationPortrait UIInterfaceOrientationPortraitUpsideDown UIInterfaceOrientationLandscapeLeft UIInterfaceOrientationLandscapeRight";
				INFOPLIST_KEY_UISupportedInterfaceOrientations_iPhone = "UIInterfaceOrientationPortrait UIInterfaceOrientationLandscapeLeft UIInterfaceOrientationLandscapeRight";
				LD_RUNPATH_SEARCH_PATHS = (
					"$(inherited)",
					"@executable_path/Frameworks",
				);
				MARKETING_VERSION = 1.0;
				PRODUCT_BUNDLE_IDENTIFIER = io.genox.PhotoNamer;
				PRODUCT_NAME = "$(TARGET_NAME)";
				SWIFT_EMIT_LOC_STRINGS = YES;
				SWIFT_VERSION = 5.0;
				TARGETED_DEVICE_FAMILY = "1,2";
			};
			name = Debug;
		};
		44BA32EC2AB34C7300FECB1E /* Release */ = {
			isa = XCBuildConfiguration;
			buildSettings = {
				ASSETCATALOG_COMPILER_APPICON_NAME = AppIcon;
				ASSETCATALOG_COMPILER_GLOBAL_ACCENT_COLOR_NAME = AccentColor;
				CODE_SIGN_STYLE = Automatic;
				CURRENT_PROJECT_VERSION = 1;
				DEVELOPMENT_ASSET_PATHS = "\"PhotoNamer/Preview Content\"";
				ENABLE_PREVIEWS = YES;
				GENERATE_INFOPLIST_FILE = YES;
				INFOPLIST_KEY_UIApplicationSceneManifest_Generation = YES;
				INFOPLIST_KEY_UIApplicationSupportsIndirectInputEvents = YES;
				INFOPLIST_KEY_UILaunchScreen_Generation = YES;
				INFOPLIST_KEY_UISupportedInterfaceOrientations_iPad = "UIInterfaceOrientationPortrait UIInterfaceOrientationPortraitUpsideDown UIInterfaceOrientationLandscapeLeft UIInterfaceOrientationLandscapeRight";
				INFOPLIST_KEY_UISupportedInterfaceOrientations_iPhone = "UIInterfaceOrientationPortrait UIInterfaceOrientationLandscapeLeft UIInterfaceOrientationLandscapeRight";
				LD_RUNPATH_SEARCH_PATHS = (
					"$(inherited)",
					"@executable_path/Frameworks",
				);
				MARKETING_VERSION = 1.0;
				PRODUCT_BUNDLE_IDENTIFIER = io.genox.PhotoNamer;
				PRODUCT_NAME = "$(TARGET_NAME)";
				SWIFT_EMIT_LOC_STRINGS = YES;
				SWIFT_VERSION = 5.0;
				TARGETED_DEVICE_FAMILY = "1,2";
			};
			name = Release;
		};
/* End XCBuildConfiguration section */

/* Begin XCConfigurationList section */
		44BA32D72AB34C7200FECB1E /* Build configuration list for PBXProject "PhotoNamer" */ = {
			isa = XCConfigurationList;
			buildConfigurations = (
				44BA32E82AB34C7300FECB1E /* Debug */,
				44BA32E92AB34C7300FECB1E /* Release */,
			);
			defaultConfigurationIsVisible = 0;
			defaultConfigurationName = Release;
		};
		44BA32EA2AB34C7300FECB1E /* Build configuration list for PBXNativeTarget "PhotoNamer" */ = {
			isa = XCConfigurationList;
			buildConfigurations = (
				44BA32EB2AB34C7300FECB1E /* Debug */,
				44BA32EC2AB34C7300FECB1E /* Release */,
			);
			defaultConfigurationIsVisible = 0;
			defaultConfigurationName = Release;
		};
/* End XCConfigurationList section */
	};
	rootObject = 44BA32D42AB34C7200FECB1E /* Project object */;
}
